// !$*UTF8*$!
{
	archiveVersion = 1;
	classes = {
	};
	objectVersion = 77;
	objects = {

/* Begin PBXBuildFile section */
		964A45732D42CFF200A8A718 /* libStaticLibTest.a in Frameworks */ = {isa = PBXBuildFile; fileRef = 964A45672D42CA1900A8A718 /* libStaticLibTest.a */; };
/* End PBXBuildFile section */

/* Begin PBXContainerItemProxy section */
		964A454A2D42C9D600A8A718 /* PBXContainerItemProxy */ = {
			isa = PBXContainerItemProxy;
			containerPortal = 964A45312D42C9D400A8A718 /* Project object */;
			proxyType = 1;
			remoteGlobalIDString = 964A45382D42C9D400A8A718;
			remoteInfo = StaticLibAppTest;
		};
		964A45542D42C9D600A8A718 /* PBXContainerItemProxy */ = {
			isa = PBXContainerItemProxy;
			containerPortal = 964A45312D42C9D400A8A718 /* Project object */;
			proxyType = 1;
			remoteGlobalIDString = 964A45382D42C9D400A8A718;
			remoteInfo = StaticLibAppTest;
		};
/* End PBXContainerItemProxy section */

/* Begin PBXFileReference section */
		964A45392D42C9D400A8A718 /* StaticLibAppTest.app */ = {isa = PBXFileReference; explicitFileType = wrapper.application; includeInIndex = 0; path = StaticLibAppTest.app; sourceTree = BUILT_PRODUCTS_DIR; };
		964A45492D42C9D600A8A718 /* StaticLibAppTestTests.xctest */ = {isa = PBXFileReference; explicitFileType = wrapper.cfbundle; includeInIndex = 0; path = StaticLibAppTestTests.xctest; sourceTree = BUILT_PRODUCTS_DIR; };
		964A45532D42C9D600A8A718 /* StaticLibAppTestUITests.xctest */ = {isa = PBXFileReference; explicitFileType = wrapper.cfbundle; includeInIndex = 0; path = StaticLibAppTestUITests.xctest; sourceTree = BUILT_PRODUCTS_DIR; };
		964A45672D42CA1900A8A718 /* libStaticLibTest.a */ = {isa = PBXFileReference; lastKnownFileType = archive.ar; name = libStaticLibTest.a; path = StaticLibTest/libStaticLibTest.a; sourceTree = "<group>"; };
/* End PBXFileReference section */

/* Begin PBXFileSystemSynchronizedRootGroup section */
		964A453B2D42C9D400A8A718 /* StaticLibAppTest */ = {
			isa = PBXFileSystemSynchronizedRootGroup;
			path = StaticLibAppTest;
			sourceTree = "<group>";
		};
/* End PBXFileSystemSynchronizedRootGroup section */

/* Begin PBXFrameworksBuildPhase section */
		964A45362D42C9D400A8A718 /* Frameworks */ = {
			isa = PBXFrameworksBuildPhase;
			buildActionMask = 2147483647;
			files = (
				964A45732D42CFF200A8A718 /* libStaticLibTest.a in Frameworks */,
			);
			runOnlyForDeploymentPostprocessing = 0;
		};
		964A45462D42C9D600A8A718 /* Frameworks */ = {
			isa = PBXFrameworksBuildPhase;
			buildActionMask = 2147483647;
			files = (
			);
			runOnlyForDeploymentPostprocessing = 0;
		};
		964A45502D42C9D600A8A718 /* Frameworks */ = {
			isa = PBXFrameworksBuildPhase;
			buildActionMask = 2147483647;
			files = (
			);
			runOnlyForDeploymentPostprocessing = 0;
		};
/* End PBXFrameworksBuildPhase section */

/* Begin PBXGroup section */
		964A45302D42C9D400A8A718 = {
			isa = PBXGroup;
			children = (
				964A453B2D42C9D400A8A718 /* StaticLibAppTest */,
				964A45662D42CA1900A8A718 /* Frameworks */,
				964A453A2D42C9D400A8A718 /* Products */,
			);
			sourceTree = "<group>";
		};
		964A453A2D42C9D400A8A718 /* Products */ = {
			isa = PBXGroup;
			children = (
				964A45392D42C9D400A8A718 /* StaticLibAppTest.app */,
				964A45492D42C9D600A8A718 /* StaticLibAppTestTests.xctest */,
				964A45532D42C9D600A8A718 /* StaticLibAppTestUITests.xctest */,
			);
			name = Products;
			sourceTree = "<group>";
		};
		964A45662D42CA1900A8A718 /* Frameworks */ = {
			isa = PBXGroup;
			children = (
				964A45672D42CA1900A8A718 /* libStaticLibTest.a */,
			);
			name = Frameworks;
			sourceTree = "<group>";
		};
/* End PBXGroup section */

/* Begin PBXNativeTarget section */
		964A45382D42C9D400A8A718 /* StaticLibAppTest */ = {
			isa = PBXNativeTarget;
			buildConfigurationList = 964A455D2D42C9D600A8A718 /* Build configuration list for PBXNativeTarget "StaticLibAppTest" */;
			buildPhases = (
				964A45352D42C9D400A8A718 /* Sources */,
				964A45362D42C9D400A8A718 /* Frameworks */,
				964A45372D42C9D400A8A718 /* Resources */,
			);
			buildRules = (
			);
			dependencies = (
			);
			fileSystemSynchronizedGroups = (
				964A453B2D42C9D400A8A718 /* StaticLibAppTest */,
			);
			name = StaticLibAppTest;
			packageProductDependencies = (
			);
			productName = StaticLibAppTest;
			productReference = 964A45392D42C9D400A8A718 /* StaticLibAppTest.app */;
			productType = "com.apple.product-type.application";
		};
		964A45482D42C9D600A8A718 /* StaticLibAppTestTests */ = {
			isa = PBXNativeTarget;
			buildConfigurationList = 964A45602D42C9D600A8A718 /* Build configuration list for PBXNativeTarget "StaticLibAppTestTests" */;
			buildPhases = (
				964A45452D42C9D600A8A718 /* Sources */,
				964A45462D42C9D600A8A718 /* Frameworks */,
				964A45472D42C9D600A8A718 /* Resources */,
			);
			buildRules = (
			);
			dependencies = (
				964A454B2D42C9D600A8A718 /* PBXTargetDependency */,
			);
			name = StaticLibAppTestTests;
			packageProductDependencies = (
			);
			productName = StaticLibAppTestTests;
			productReference = 964A45492D42C9D600A8A718 /* StaticLibAppTestTests.xctest */;
			productType = "com.apple.product-type.bundle.unit-test";
		};
		964A45522D42C9D600A8A718 /* StaticLibAppTestUITests */ = {
			isa = PBXNativeTarget;
			buildConfigurationList = 964A45632D42C9D600A8A718 /* Build configuration list for PBXNativeTarget "StaticLibAppTestUITests" */;
			buildPhases = (
				964A454F2D42C9D600A8A718 /* Sources */,
				964A45502D42C9D600A8A718 /* Frameworks */,
				964A45512D42C9D600A8A718 /* Resources */,
			);
			buildRules = (
			);
			dependencies = (
				964A45552D42C9D600A8A718 /* PBXTargetDependency */,
			);
			name = StaticLibAppTestUITests;
			packageProductDependencies = (
			);
			productName = StaticLibAppTestUITests;
			productReference = 964A45532D42C9D600A8A718 /* StaticLibAppTestUITests.xctest */;
			productType = "com.apple.product-type.bundle.ui-testing";
		};
/* End PBXNativeTarget section */

/* Begin PBXProject section */
		964A45312D42C9D400A8A718 /* Project object */ = {
			isa = PBXProject;
			attributes = {
				BuildIndependentTargetsInParallel = 1;
				LastSwiftUpdateCheck = 1620;
				LastUpgradeCheck = 1620;
				TargetAttributes = {
					964A45382D42C9D400A8A718 = {
						CreatedOnToolsVersion = 16.2;
					};
					964A45482D42C9D600A8A718 = {
						CreatedOnToolsVersion = 16.2;
						TestTargetID = 964A45382D42C9D400A8A718;
					};
					964A45522D42C9D600A8A718 = {
						CreatedOnToolsVersion = 16.2;
						TestTargetID = 964A45382D42C9D400A8A718;
					};
				};
			};
			buildConfigurationList = 964A45342D42C9D400A8A718 /* Build configuration list for PBXProject "StaticLibAppTest" */;
			developmentRegion = en;
			hasScannedForEncodings = 0;
			knownRegions = (
				en,
				Base,
			);
			mainGroup = 964A45302D42C9D400A8A718;
			minimizedProjectReferenceProxies = 1;
			preferredProjectObjectVersion = 77;
			productRefGroup = 964A453A2D42C9D400A8A718 /* Products */;
			projectDirPath = "";
			projectRoot = "";
			targets = (
				964A45382D42C9D400A8A718 /* StaticLibAppTest */,
				964A45482D42C9D600A8A718 /* StaticLibAppTestTests */,
				964A45522D42C9D600A8A718 /* StaticLibAppTestUITests */,
			);
		};
/* End PBXProject section */

/* Begin PBXResourcesBuildPhase section */
		964A45372D42C9D400A8A718 /* Resources */ = {
			isa = PBXResourcesBuildPhase;
			buildActionMask = 2147483647;
			files = (
			);
			runOnlyForDeploymentPostprocessing = 0;
		};
		964A45472D42C9D600A8A718 /* Resources */ = {
			isa = PBXResourcesBuildPhase;
			buildActionMask = 2147483647;
			files = (
			);
			runOnlyForDeploymentPostprocessing = 0;
		};
		964A45512D42C9D600A8A718 /* Resources */ = {
			isa = PBXResourcesBuildPhase;
			buildActionMask = 2147483647;
			files = (
			);
			runOnlyForDeploymentPostprocessing = 0;
		};
/* End PBXResourcesBuildPhase section */

/* Begin PBXSourcesBuildPhase section */
		964A45352D42C9D400A8A718 /* Sources */ = {
			isa = PBXSourcesBuildPhase;
			buildActionMask = 2147483647;
			files = (
			);
			runOnlyForDeploymentPostprocessing = 0;
		};
		964A45452D42C9D600A8A718 /* Sources */ = {
			isa = PBXSourcesBuildPhase;
			buildActionMask = 2147483647;
			files = (
			);
			runOnlyForDeploymentPostprocessing = 0;
		};
		964A454F2D42C9D600A8A718 /* Sources */ = {
			isa = PBXSourcesBuildPhase;
			buildActionMask = 2147483647;
			files = (
			);
			runOnlyForDeploymentPostprocessing = 0;
		};
/* End PBXSourcesBuildPhase section */

/* Begin PBXTargetDependency section */
		964A454B2D42C9D600A8A718 /* PBXTargetDependency */ = {
			isa = PBXTargetDependency;
			target = 964A45382D42C9D400A8A718 /* StaticLibAppTest */;
			targetProxy = 964A454A2D42C9D600A8A718 /* PBXContainerItemProxy */;
		};
		964A45552D42C9D600A8A718 /* PBXTargetDependency */ = {
			isa = PBXTargetDependency;
			target = 964A45382D42C9D400A8A718 /* StaticLibAppTest */;
			targetProxy = 964A45542D42C9D600A8A718 /* PBXContainerItemProxy */;
		};
/* End PBXTargetDependency section */

/* Begin XCBuildConfiguration section */
		964A455B2D42C9D600A8A718 /* Debug */ = {
			isa = XCBuildConfiguration;
			buildSettings = {
				ALWAYS_SEARCH_USER_PATHS = NO;
				ASSETCATALOG_COMPILER_GENERATE_SWIFT_ASSET_SYMBOL_EXTENSIONS = YES;
				CLANG_ANALYZER_NONNULL = YES;
				CLANG_ANALYZER_NUMBER_OBJECT_CONVERSION = YES_AGGRESSIVE;
				CLANG_CXX_LANGUAGE_STANDARD = "gnu++20";
				CLANG_ENABLE_MODULES = YES;
				CLANG_ENABLE_OBJC_ARC = YES;
				CLANG_ENABLE_OBJC_WEAK = YES;
				CLANG_WARN_BLOCK_CAPTURE_AUTORELEASING = YES;
				CLANG_WARN_BOOL_CONVERSION = YES;
				CLANG_WARN_COMMA = YES;
				CLANG_WARN_CONSTANT_CONVERSION = YES;
				CLANG_WARN_DEPRECATED_OBJC_IMPLEMENTATIONS = YES;
				CLANG_WARN_DIRECT_OBJC_ISA_USAGE = YES_ERROR;
				CLANG_WARN_DOCUMENTATION_COMMENTS = YES;
				CLANG_WARN_EMPTY_BODY = YES;
				CLANG_WARN_ENUM_CONVERSION = YES;
				CLANG_WARN_INFINITE_RECURSION = YES;
				CLANG_WARN_INT_CONVERSION = YES;
				CLANG_WARN_NON_LITERAL_NULL_CONVERSION = YES;
				CLANG_WARN_OBJC_IMPLICIT_RETAIN_SELF = YES;
				CLANG_WARN_OBJC_LITERAL_CONVERSION = YES;
				CLANG_WARN_OBJC_ROOT_CLASS = YES_ERROR;
				CLANG_WARN_QUOTED_INCLUDE_IN_FRAMEWORK_HEADER = YES;
				CLANG_WARN_RANGE_LOOP_ANALYSIS = YES;
				CLANG_WARN_STRICT_PROTOTYPES = YES;
				CLANG_WARN_SUSPICIOUS_MOVE = YES;
				CLANG_WARN_UNGUARDED_AVAILABILITY = YES_AGGRESSIVE;
				CLANG_WARN_UNREACHABLE_CODE = YES;
				CLANG_WARN__DUPLICATE_METHOD_MATCH = YES;
				COPY_PHASE_STRIP = NO;
				DEBUG_INFORMATION_FORMAT = dwarf;
				ENABLE_STRICT_OBJC_MSGSEND = YES;
				ENABLE_TESTABILITY = YES;
				ENABLE_USER_SCRIPT_SANDBOXING = YES;
				GCC_C_LANGUAGE_STANDARD = gnu17;
				GCC_DYNAMIC_NO_PIC = NO;
				GCC_NO_COMMON_BLOCKS = YES;
				GCC_OPTIMIZATION_LEVEL = 0;
				GCC_PREPROCESSOR_DEFINITIONS = (
					"DEBUG=1",
					"$(inherited)",
				);
				GCC_WARN_64_TO_32_BIT_CONVERSION = YES;
				GCC_WARN_ABOUT_RETURN_TYPE = YES_ERROR;
				GCC_WARN_UNDECLARED_SELECTOR = YES;
				GCC_WARN_UNINITIALIZED_AUTOS = YES_AGGRESSIVE;
				GCC_WARN_UNUSED_FUNCTION = YES;
				GCC_WARN_UNUSED_VARIABLE = YES;
				IPHONEOS_DEPLOYMENT_TARGET = 18.2;
				LOCALIZATION_PREFERS_STRING_CATALOGS = YES;
				MTL_ENABLE_DEBUG_INFO = INCLUDE_SOURCE;
				MTL_FAST_MATH = YES;
				ONLY_ACTIVE_ARCH = YES;
				SDKROOT = iphoneos;
				SWIFT_ACTIVE_COMPILATION_CONDITIONS = "DEBUG $(inherited)";
				SWIFT_OPTIMIZATION_LEVEL = "-Onone";
			};
			name = Debug;
		};
		964A455C2D42C9D600A8A718 /* Release */ = {
			isa = XCBuildConfiguration;
			buildSettings = {
				ALWAYS_SEARCH_USER_PATHS = NO;
				ASSETCATALOG_COMPILER_GENERATE_SWIFT_ASSET_SYMBOL_EXTENSIONS = YES;
				CLANG_ANALYZER_NONNULL = YES;
				CLANG_ANALYZER_NUMBER_OBJECT_CONVERSION = YES_AGGRESSIVE;
				CLANG_CXX_LANGUAGE_STANDARD = "gnu++20";
				CLANG_ENABLE_MODULES = YES;
				CLANG_ENABLE_OBJC_ARC = YES;
				CLANG_ENABLE_OBJC_WEAK = YES;
				CLANG_WARN_BLOCK_CAPTURE_AUTORELEASING = YES;
				CLANG_WARN_BOOL_CONVERSION = YES;
				CLANG_WARN_COMMA = YES;
				CLANG_WARN_CONSTANT_CONVERSION = YES;
				CLANG_WARN_DEPRECATED_OBJC_IMPLEMENTATIONS = YES;
				CLANG_WARN_DIRECT_OBJC_ISA_USAGE = YES_ERROR;
				CLANG_WARN_DOCUMENTATION_COMMENTS = YES;
				CLANG_WARN_EMPTY_BODY = YES;
				CLANG_WARN_ENUM_CONVERSION = YES;
				CLANG_WARN_INFINITE_RECURSION = YES;
				CLANG_WARN_INT_CONVERSION = YES;
				CLANG_WARN_NON_LITERAL_NULL_CONVERSION = YES;
				CLANG_WARN_OBJC_IMPLICIT_RETAIN_SELF = YES;
				CLANG_WARN_OBJC_LITERAL_CONVERSION = YES;
				CLANG_WARN_OBJC_ROOT_CLASS = YES_ERROR;
				CLANG_WARN_QUOTED_INCLUDE_IN_FRAMEWORK_HEADER = YES;
				CLANG_WARN_RANGE_LOOP_ANALYSIS = YES;
				CLANG_WARN_STRICT_PROTOTYPES = YES;
				CLANG_WARN_SUSPICIOUS_MOVE = YES;
				CLANG_WARN_UNGUARDED_AVAILABILITY = YES_AGGRESSIVE;
				CLANG_WARN_UNREACHABLE_CODE = YES;
				CLANG_WARN__DUPLICATE_METHOD_MATCH = YES;
				COPY_PHASE_STRIP = NO;
				DEBUG_INFORMATION_FORMAT = "dwarf-with-dsym";
				ENABLE_NS_ASSERTIONS = NO;
				ENABLE_STRICT_OBJC_MSGSEND = YES;
				ENABLE_USER_SCRIPT_SANDBOXING = YES;
				GCC_C_LANGUAGE_STANDARD = gnu17;
				GCC_NO_COMMON_BLOCKS = YES;
				GCC_WARN_64_TO_32_BIT_CONVERSION = YES;
				GCC_WARN_ABOUT_RETURN_TYPE = YES_ERROR;
				GCC_WARN_UNDECLARED_SELECTOR = YES;
				GCC_WARN_UNINITIALIZED_AUTOS = YES_AGGRESSIVE;
				GCC_WARN_UNUSED_FUNCTION = YES;
				GCC_WARN_UNUSED_VARIABLE = YES;
				IPHONEOS_DEPLOYMENT_TARGET = 18.2;
				LOCALIZATION_PREFERS_STRING_CATALOGS = YES;
				MTL_ENABLE_DEBUG_INFO = NO;
				MTL_FAST_MATH = YES;
				SDKROOT = iphoneos;
				SWIFT_COMPILATION_MODE = wholemodule;
				VALIDATE_PRODUCT = YES;
			};
			name = Release;
		};
		964A455E2D42C9D600A8A718 /* Debug */ = {
			isa = XCBuildConfiguration;
			buildSettings = {
				ASSETCATALOG_COMPILER_APPICON_NAME = AppIcon;
				ASSETCATALOG_COMPILER_GLOBAL_ACCENT_COLOR_NAME = AccentColor;
				CODE_SIGN_STYLE = Automatic;
				CURRENT_PROJECT_VERSION = 1;
				DEVELOPMENT_ASSET_PATHS = "\"StaticLibAppTest/Preview Content\"";
				DEVELOPMENT_TEAM = L979M8V7RW;
				ENABLE_PREVIEWS = YES;
				FRAMEWORK_SEARCH_PATHS = "$(PROJECT_DIR)/StaticLibTest";
				GENERATE_INFOPLIST_FILE = YES;
				INFOPLIST_KEY_UIApplicationSceneManifest_Generation = YES;
				INFOPLIST_KEY_UIApplicationSupportsIndirectInputEvents = YES;
				INFOPLIST_KEY_UILaunchScreen_Generation = YES;
				INFOPLIST_KEY_UISupportedInterfaceOrientations_iPad = "UIInterfaceOrientationPortrait UIInterfaceOrientationPortraitUpsideDown UIInterfaceOrientationLandscapeLeft UIInterfaceOrientationLandscapeRight";
				INFOPLIST_KEY_UISupportedInterfaceOrientations_iPhone = "UIInterfaceOrientationPortrait UIInterfaceOrientationLandscapeLeft UIInterfaceOrientationLandscapeRight";
				LD_RUNPATH_SEARCH_PATHS = (
					"$(inherited)",
					"@executable_path/Frameworks",
					"$(PROJECT_DIR)/StaticLibTest",
				);
				LIBRARY_SEARCH_PATHS = (
					"$(inherited)",
					"$(PROJECT_DIR)/StaticLibTest",
				);
				MARKETING_VERSION = 1.0;
				PRODUCT_BUNDLE_IDENTIFIER = brody.StaticLibAppTest;
				PRODUCT_NAME = "$(TARGET_NAME)";
				SWIFT_EMIT_LOC_STRINGS = YES;
				SWIFT_INCLUDE_PATHS = "$(PROJECT_DIR)/StaticLibTest";
				SWIFT_VERSION = 5.0;
				TARGETED_DEVICE_FAMILY = "1,2";
			};
			name = Debug;
		};
		964A455F2D42C9D600A8A718 /* Release */ = {
			isa = XCBuildConfiguration;
			buildSettings = {
				ASSETCATALOG_COMPILER_APPICON_NAME = AppIcon;
				ASSETCATALOG_COMPILER_GLOBAL_ACCENT_COLOR_NAME = AccentColor;
				CODE_SIGN_STYLE = Automatic;
				CURRENT_PROJECT_VERSION = 1;
				DEVELOPMENT_ASSET_PATHS = "\"StaticLibAppTest/Preview Content\"";
				DEVELOPMENT_TEAM = L979M8V7RW;
				ENABLE_PREVIEWS = YES;
				FRAMEWORK_SEARCH_PATHS = "$(PROJECT_DIR)/StaticLibTest";
				GENERATE_INFOPLIST_FILE = YES;
				INFOPLIST_KEY_UIApplicationSceneManifest_Generation = YES;
				INFOPLIST_KEY_UIApplicationSupportsIndirectInputEvents = YES;
				INFOPLIST_KEY_UILaunchScreen_Generation = YES;
				INFOPLIST_KEY_UISupportedInterfaceOrientations_iPad = "UIInterfaceOrientationPortrait UIInterfaceOrientationPortraitUpsideDown UIInterfaceOrientationLandscapeLeft UIInterfaceOrientationLandscapeRight";
				INFOPLIST_KEY_UISupportedInterfaceOrientations_iPhone = "UIInterfaceOrientationPortrait UIInterfaceOrientationLandscapeLeft UIInterfaceOrientationLandscapeRight";
				LD_RUNPATH_SEARCH_PATHS = (
					"$(inherited)",
					"@executable_path/Frameworks",
					"$(PROJECT_DIR)/StaticLibTest",
				);
				LIBRARY_SEARCH_PATHS = (
					"$(inherited)",
					"$(PROJECT_DIR)/StaticLibTest",
				);
				MARKETING_VERSION = 1.0;
				PRODUCT_BUNDLE_IDENTIFIER = brody.StaticLibAppTest;
				PRODUCT_NAME = "$(TARGET_NAME)";
				SWIFT_EMIT_LOC_STRINGS = YES;
				SWIFT_INCLUDE_PATHS = "$(PROJECT_DIR)/StaticLibTest";
				SWIFT_VERSION = 5.0;
				TARGETED_DEVICE_FAMILY = "1,2";
			};
			name = Release;
		};
		964A45612D42C9D600A8A718 /* Debug */ = {
			isa = XCBuildConfiguration;
			buildSettings = {
				BUNDLE_LOADER = "$(TEST_HOST)";
				CODE_SIGN_STYLE = Automatic;
				CURRENT_PROJECT_VERSION = 1;
				DEVELOPMENT_TEAM = L979M8V7RW;
				GENERATE_INFOPLIST_FILE = YES;
				IPHONEOS_DEPLOYMENT_TARGET = 18.2;
				MARKETING_VERSION = 1.0;
				PRODUCT_BUNDLE_IDENTIFIER = brody.StaticLibAppTestTests;
				PRODUCT_NAME = "$(TARGET_NAME)";
				SWIFT_EMIT_LOC_STRINGS = NO;
				SWIFT_VERSION = 5.0;
				TARGETED_DEVICE_FAMILY = "1,2";
				TEST_HOST = "$(BUILT_PRODUCTS_DIR)/StaticLibAppTest.app/$(BUNDLE_EXECUTABLE_FOLDER_PATH)/StaticLibAppTest";
			};
			name = Debug;
		};
		964A45622D42C9D600A8A718 /* Release */ = {
			isa = XCBuildConfiguration;
			buildSettings = {
				BUNDLE_LOADER = "$(TEST_HOST)";
				CODE_SIGN_STYLE = Automatic;
				CURRENT_PROJECT_VERSION = 1;
				DEVELOPMENT_TEAM = L979M8V7RW;
				GENERATE_INFOPLIST_FILE = YES;
				IPHONEOS_DEPLOYMENT_TARGET = 18.2;
				MARKETING_VERSION = 1.0;
				PRODUCT_BUNDLE_IDENTIFIER = brody.StaticLibAppTestTests;
				PRODUCT_NAME = "$(TARGET_NAME)";
				SWIFT_EMIT_LOC_STRINGS = NO;
				SWIFT_VERSION = 5.0;
				TARGETED_DEVICE_FAMILY = "1,2";
				TEST_HOST = "$(BUILT_PRODUCTS_DIR)/StaticLibAppTest.app/$(BUNDLE_EXECUTABLE_FOLDER_PATH)/StaticLibAppTest";
			};
			name = Release;
		};
		964A45642D42C9D600A8A718 /* Debug */ = {
			isa = XCBuildConfiguration;
			buildSettings = {
				CODE_SIGN_STYLE = Automatic;
				CURRENT_PROJECT_VERSION = 1;
				DEVELOPMENT_TEAM = L979M8V7RW;
				GENERATE_INFOPLIST_FILE = YES;
				MARKETING_VERSION = 1.0;
				PRODUCT_BUNDLE_IDENTIFIER = brody.StaticLibAppTestUITests;
				PRODUCT_NAME = "$(TARGET_NAME)";
				SWIFT_EMIT_LOC_STRINGS = NO;
				SWIFT_VERSION = 5.0;
				TARGETED_DEVICE_FAMILY = "1,2";
				TEST_TARGET_NAME = StaticLibAppTest;
			};
			name = Debug;
		};
		964A45652D42C9D600A8A718 /* Release */ = {
			isa = XCBuildConfiguration;
			buildSettings = {
				CODE_SIGN_STYLE = Automatic;
				CURRENT_PROJECT_VERSION = 1;
				DEVELOPMENT_TEAM = L979M8V7RW;
				GENERATE_INFOPLIST_FILE = YES;
				MARKETING_VERSION = 1.0;
				PRODUCT_BUNDLE_IDENTIFIER = brody.StaticLibAppTestUITests;
				PRODUCT_NAME = "$(TARGET_NAME)";
				SWIFT_EMIT_LOC_STRINGS = NO;
				SWIFT_VERSION = 5.0;
				TARGETED_DEVICE_FAMILY = "1,2";
				TEST_TARGET_NAME = StaticLibAppTest;
			};
			name = Release;
		};
/* End XCBuildConfiguration section */

/* Begin XCConfigurationList section */
		964A45342D42C9D400A8A718 /* Build configuration list for PBXProject "StaticLibAppTest" */ = {
			isa = XCConfigurationList;
			buildConfigurations = (
				964A455B2D42C9D600A8A718 /* Debug */,
				964A455C2D42C9D600A8A718 /* Release */,
			);
			defaultConfigurationIsVisible = 0;
			defaultConfigurationName = Release;
		};
		964A455D2D42C9D600A8A718 /* Build configuration list for PBXNativeTarget "StaticLibAppTest" */ = {
			isa = XCConfigurationList;
			buildConfigurations = (
				964A455E2D42C9D600A8A718 /* Debug */,
				964A455F2D42C9D600A8A718 /* Release */,
			);
			defaultConfigurationIsVisible = 0;
			defaultConfigurationName = Release;
		};
		964A45602D42C9D600A8A718 /* Build configuration list for PBXNativeTarget "StaticLibAppTestTests" */ = {
			isa = XCConfigurationList;
			buildConfigurations = (
				964A45612D42C9D600A8A718 /* Debug */,
				964A45622D42C9D600A8A718 /* Release */,
			);
			defaultConfigurationIsVisible = 0;
			defaultConfigurationName = Release;
		};
		964A45632D42C9D600A8A718 /* Build configuration list for PBXNativeTarget "StaticLibAppTestUITests" */ = {
			isa = XCConfigurationList;
			buildConfigurations = (
				964A45642D42C9D600A8A718 /* Debug */,
				964A45652D42C9D600A8A718 /* Release */,
			);
			defaultConfigurationIsVisible = 0;
			defaultConfigurationName = Release;
		};
/* End XCConfigurationList section */
	};
	rootObject = 964A45312D42C9D400A8A718 /* Project object */;
}
